
Microsoft Visual Studio Solution File, Format Version 12.00
# Visual Studio 15
VisualStudioVersion = 15.0.28010.2041
MinimumVisualStudioVersion = 10.0.40219.1
Project("{FAE04EC0-301F-11D3-BF4B-00C04F79EFBC}") = "Games.Web", "Games.Web\Games.Web.csproj", "{6F35FF40-72F6-430A-9068-76E329BC37E8}"
EndProject
Global
	GlobalSection(SolutionConfigurationPlatforms) = preSolution
		Debug|Any CPU = Debug|Any CPU
		Release|Any CPU = Release|Any CPU
	EndGlobalSection
	GlobalSection(ProjectConfigurationPlatforms) = postSolution
		{6F35FF40-72F6-430A-9068-76E329BC37E8}.Debug|Any CPU.ActiveCfg = Debug|Any CPU
		{6F35FF40-72F6-430A-9068-76E329BC37E8}.Debug|Any CPU.Build.0 = Debug|Any CPU
		{6F35FF40-72F6-430A-9068-76E329BC37E8}.Release|Any CPU.ActiveCfg = Release|Any CPU
		{6F35FF40-72F6-430A-9068-76E329BC37E8}.Release|Any CPU.Build.0 = Release|Any CPU
	EndGlobalSection
	GlobalSection(SolutionProperties) = preSolution
		HideSolutionNode = FALSE
	EndGlobalSection
	GlobalSection(ExtensibilityGlobals) = postSolution
		SolutionGuid = {1E2A0E53-0AF5-4D09-ACFA-839D077B2B50}
	EndGlobalSection
EndGlobal
